
Microsoft Visual Studio Solution File, Format Version 12.00
# Visual Studio Version 17
VisualStudioVersion = 17.6.33801.468
MinimumVisualStudioVersion = 10.0.40219.1
Project("{FAE04EC0-301F-11D3-BF4B-00C04F79EFBC}") = "Pdf", "Pdf\Pdf.csproj", "{8CDBCADF-E3E3-4CC3-92DB-726FEC73FFEF}"
EndProject
Global
	GlobalSection(SolutionConfigurationPlatforms) = preSolution
		Debug|Any CPU = Debug|Any CPU
		Release|Any CPU = Release|Any CPU
	EndGlobalSection
	GlobalSection(ProjectConfigurationPlatforms) = postSolution
		{8CDBCADF-E3E3-4CC3-92DB-726FEC73FFEF}.Debug|Any CPU.ActiveCfg = Debug|Any CPU
		{8CDBCADF-E3E3-4CC3-92DB-726FEC73FFEF}.Debug|Any CPU.Build.0 = Debug|Any CPU
		{8CDBCADF-E3E3-4CC3-92DB-726FEC73FFEF}.Release|Any CPU.ActiveCfg = Release|Any CPU
		{8CDBCADF-E3E3-4CC3-92DB-726FEC73FFEF}.Release|Any CPU.Build.0 = Release|Any CPU
	EndGlobalSection
	GlobalSection(SolutionProperties) = preSolution
		HideSolutionNode = FALSE
	EndGlobalSection
	GlobalSection(ExtensibilityGlobals) = postSolution
		SolutionGuid = {AB8D67E4-89D4-4402-B50B-465A681D28C0}
	EndGlobalSection
EndGlobal
